
Microsoft Visual Studio Solution File, Format Version 12.00
# Visual Studio Version 17
VisualStudioVersion = 17.0.31903.59
MinimumVisualStudioVersion = 10.0.40219.1
Project("{FAE04EC0-301F-11D3-BF4B-00C04F79EFBC}") = "ArabicaCliento", "ArabicaCliento\ArabicaCliento.csproj", "{24CFAFB9-95DF-4EA9-8053-E781B5DEE2E3}"
EndProject
Project("{FAE04EC0-301F-11D3-BF4B-00C04F79EFBC}") = "Content.Client", "space-station-14\Content.Client\Content.Client.csproj", "{9F850C40-0454-47C4-9392-A137AD1398BB}"
EndProject
Project("{FAE04EC0-301F-11D3-BF4B-00C04F79EFBC}") = "Robust.Client", "space-station-14\RobustToolbox\Robust.Client\Robust.Client.csproj", "{AF33C396-4535-4816-92EA-1357BFBA4B71}"
EndProject
Project("{FAE04EC0-301F-11D3-BF4B-00C04F79EFBC}") = "Content.Shared", "space-station-14\Content.Shared\Content.Shared.csproj", "{9C568A0F-208C-491A-9226-5E149B361304}"
EndProject
Project("{FAE04EC0-301F-11D3-BF4B-00C04F79EFBC}") = "Robust.Shared", "space-station-14\RobustToolbox\Robust.Shared\Robust.Shared.csproj", "{ECD32E31-6A31-4AC9-B8A8-8904A9997515}"
EndProject
Global
	GlobalSection(SolutionConfigurationPlatforms) = preSolution
		Debug|Any CPU = Debug|Any CPU
		Release|Any CPU = Release|Any CPU
	EndGlobalSection
	GlobalSection(SolutionProperties) = preSolution
		HideSolutionNode = FALSE
	EndGlobalSection
	GlobalSection(ProjectConfigurationPlatforms) = postSolution
		{24CFAFB9-95DF-4EA9-8053-E781B5DEE2E3}.Debug|Any CPU.ActiveCfg = Debug|Any CPU
		{24CFAFB9-95DF-4EA9-8053-E781B5DEE2E3}.Debug|Any CPU.Build.0 = Debug|Any CPU
		{24CFAFB9-95DF-4EA9-8053-E781B5DEE2E3}.Release|Any CPU.ActiveCfg = Release|Any CPU
		{24CFAFB9-95DF-4EA9-8053-E781B5DEE2E3}.Release|Any CPU.Build.0 = Release|Any CPU
		{9F850C40-0454-47C4-9392-A137AD1398BB}.Debug|Any CPU.ActiveCfg = Debug|Any CPU
		{9F850C40-0454-47C4-9392-A137AD1398BB}.Debug|Any CPU.Build.0 = Debug|Any CPU
		{9F850C40-0454-47C4-9392-A137AD1398BB}.Release|Any CPU.ActiveCfg = Release|Any CPU
		{9F850C40-0454-47C4-9392-A137AD1398BB}.Release|Any CPU.Build.0 = Release|Any CPU
		{AF33C396-4535-4816-92EA-1357BFBA4B71}.Debug|Any CPU.ActiveCfg = Debug|Any CPU
		{AF33C396-4535-4816-92EA-1357BFBA4B71}.Debug|Any CPU.Build.0 = Debug|Any CPU
		{AF33C396-4535-4816-92EA-1357BFBA4B71}.Release|Any CPU.ActiveCfg = Release|Any CPU
		{AF33C396-4535-4816-92EA-1357BFBA4B71}.Release|Any CPU.Build.0 = Release|Any CPU
		{9C568A0F-208C-491A-9226-5E149B361304}.Debug|Any CPU.ActiveCfg = Debug|Any CPU
		{9C568A0F-208C-491A-9226-5E149B361304}.Debug|Any CPU.Build.0 = Debug|Any CPU
		{9C568A0F-208C-491A-9226-5E149B361304}.Release|Any CPU.ActiveCfg = Release|Any CPU
		{9C568A0F-208C-491A-9226-5E149B361304}.Release|Any CPU.Build.0 = Release|Any CPU
		{ECD32E31-6A31-4AC9-B8A8-8904A9997515}.Debug|Any CPU.ActiveCfg = Debug|Any CPU
		{ECD32E31-6A31-4AC9-B8A8-8904A9997515}.Debug|Any CPU.Build.0 = Debug|Any CPU
		{ECD32E31-6A31-4AC9-B8A8-8904A9997515}.Release|Any CPU.ActiveCfg = Release|Any CPU
		{ECD32E31-6A31-4AC9-B8A8-8904A9997515}.Release|Any CPU.Build.0 = Release|Any CPU
	EndGlobalSection
EndGlobal
